
Microsoft Visual Studio Solution File, Format Version 12.00
Project("{FAE04EC0-301F-11D3-BF4B-00C04F79EFBC}") = "Lesson.Six.OOP", "Lesson.Six.OOP\Lesson.Six.OOP.csproj", "{301449B2-C914-41BC-8C55-424E0CCF36A1}"
EndProject
Global
	GlobalSection(SolutionConfigurationPlatforms) = preSolution
		Debug|Any CPU = Debug|Any CPU
		Release|Any CPU = Release|Any CPU
	EndGlobalSection
	GlobalSection(ProjectConfigurationPlatforms) = postSolution
		{301449B2-C914-41BC-8C55-424E0CCF36A1}.Debug|Any CPU.ActiveCfg = Debug|Any CPU
		{301449B2-C914-41BC-8C55-424E0CCF36A1}.Debug|Any CPU.Build.0 = Debug|Any CPU
		{301449B2-C914-41BC-8C55-424E0CCF36A1}.Release|Any CPU.ActiveCfg = Release|Any CPU
		{301449B2-C914-41BC-8C55-424E0CCF36A1}.Release|Any CPU.Build.0 = Release|Any CPU
	EndGlobalSection
EndGlobal
